
Microsoft Visual Studio Solution File, Format Version 12.00
# Visual Studio Version 17
VisualStudioVersion = 17.3.32811.315
MinimumVisualStudioVersion = 10.0.40219.1
Project("{FAE04EC0-301F-11D3-BF4B-00C04F79EFBC}") = "JustNotes.WPF", "JustNotes.WPF\JustNotes.WPF.csproj", "{EEF9A1D5-619B-4C73-A92D-1917934B10E3}"
EndProject
Project("{2150E333-8FDC-42A3-9474-1A3956D46DE8}") = "Solution Items", "Solution Items", "{3B10A80B-0DC8-418B-9590-32C9EE345166}"
	ProjectSection(SolutionItems) = preProject
		Readme.md = Readme.md
	EndProjectSection
EndProject
Project("{2150E333-8FDC-42A3-9474-1A3956D46DE8}") = "Screenshots", "Screenshots", "{88C517B6-0829-48B9-96FB-B4D142BDFA5D}"
	ProjectSection(SolutionItems) = preProject
		..\..\..\OneDrive\Pictures\Screenshots\JustNotes1.jpg = ..\..\..\OneDrive\Pictures\Screenshots\JustNotes1.jpg
		..\..\..\OneDrive\Pictures\Screenshots\JustNotes2.jpg = ..\..\..\OneDrive\Pictures\Screenshots\JustNotes2.jpg
	EndProjectSection
EndProject
Global
	GlobalSection(SolutionConfigurationPlatforms) = preSolution
		Debug|Any CPU = Debug|Any CPU
		Release|Any CPU = Release|Any CPU
	EndGlobalSection
	GlobalSection(ProjectConfigurationPlatforms) = postSolution
		{EEF9A1D5-619B-4C73-A92D-1917934B10E3}.Debug|Any CPU.ActiveCfg = Debug|Any CPU
		{EEF9A1D5-619B-4C73-A92D-1917934B10E3}.Debug|Any CPU.Build.0 = Debug|Any CPU
		{EEF9A1D5-619B-4C73-A92D-1917934B10E3}.Release|Any CPU.ActiveCfg = Release|Any CPU
		{EEF9A1D5-619B-4C73-A92D-1917934B10E3}.Release|Any CPU.Build.0 = Release|Any CPU
	EndGlobalSection
	GlobalSection(SolutionProperties) = preSolution
		HideSolutionNode = FALSE
	EndGlobalSection
	GlobalSection(NestedProjects) = preSolution
		{88C517B6-0829-48B9-96FB-B4D142BDFA5D} = {3B10A80B-0DC8-418B-9590-32C9EE345166}
	EndGlobalSection
	GlobalSection(ExtensibilityGlobals) = postSolution
		SolutionGuid = {43C2E171-D5C3-4AED-B926-CD7BDF265603}
	EndGlobalSection
EndGlobal
